github.com/golang-jwt/jwt/v5 v5.0.0-rc.1 h1:tDQ1LjKga657layZ4JLsRdxgvupebc0xuPwRNuTfUgs=
github.com/golang-jwt/jwt/v5 v5.0.0-rc.1/go.mod h1:pqrtFR0X4osieyHYxtmOUWsAWrfe1Q5UVIyoH402zdk=
github.com/sashabaranov/go-openai v1.5.7 h1:8DGgRG+P7yWixte5j720y6yiXgY3Hlgcd0gcpHdltfo=
github.com/sashabaranov/go-openai v1.5.7/go.mod h1:lj5b/K+zjTSFxVLijLSTDZuP7adOgerWeFyZLUhAKRg=
